
Microsoft Visual Studio Solution File, Format Version 12.00
# Visual Studio Version 17
VisualStudioVersion = 17.13.35931.197 d17.13
MinimumVisualStudioVersion = 10.0.40219.1
Project("{FAE04EC0-301F-11D3-BF4B-00C04F79EFBC}") = "palíndromo", "palíndromo\palíndromo.csproj", "{63C39B9C-6A5B-48AB-A532-B305921A3D2B}"
EndProject
Global
	GlobalSection(SolutionConfigurationPlatforms) = preSolution
		Debug|Any CPU = Debug|Any CPU
		Release|Any CPU = Release|Any CPU
	EndGlobalSection
	GlobalSection(ProjectConfigurationPlatforms) = postSolution
		{63C39B9C-6A5B-48AB-A532-B305921A3D2B}.Debug|Any CPU.ActiveCfg = Debug|Any CPU
		{63C39B9C-6A5B-48AB-A532-B305921A3D2B}.Debug|Any CPU.Build.0 = Debug|Any CPU
		{63C39B9C-6A5B-48AB-A532-B305921A3D2B}.Release|Any CPU.ActiveCfg = Release|Any CPU
		{63C39B9C-6A5B-48AB-A532-B305921A3D2B}.Release|Any CPU.Build.0 = Release|Any CPU
	EndGlobalSection
	GlobalSection(SolutionProperties) = preSolution
		HideSolutionNode = FALSE
	EndGlobalSection
	GlobalSection(ExtensibilityGlobals) = postSolution
		SolutionGuid = {77592097-531D-4829-83EB-9FA21D54ED02}
	EndGlobalSection
EndGlobal
